
Microsoft Visual Studio Solution File, Format Version 12.00
# Visual Studio Version 17
VisualStudioVersion = 17.12.35707.178
MinimumVisualStudioVersion = 10.0.40219.1
Project("{FAE04EC0-301F-11D3-BF4B-00C04F79EFBC}") = "onboard", "onboard\onboard.csproj", "{FF7A3085-BBF4-44A9-8681-B8FFA2458063}"
EndProject
Project("{FAE04EC0-301F-11D3-BF4B-00C04F79EFBC}") = "keywordsAndIdentifiers", "keywordsAndIdentifiers\keywordsAndIdentifiers.csproj", "{9D416ACC-0B01-48F7-8B08-49790B1D4D05}"
EndProject
Project("{FAE04EC0-301F-11D3-BF4B-00C04F79EFBC}") = "variablesDeclarations", "variablesDeclarations\variablesDeclarations.csproj", "{804EDFB2-91F7-474B-96AE-730617D9C4CB}"
EndProject
Project("{FAE04EC0-301F-11D3-BF4B-00C04F79EFBC}") = "Type", "Type\Type.csproj", "{DD7D3946-2C2E-44BE-B245-20E2C881598A}"
EndProject
Project("{FAE04EC0-301F-11D3-BF4B-00C04F79EFBC}") = "Operators", "Operators\Operators.csproj", "{3B46C5E2-0783-430A-BC38-4330CF9CE4DA}"
EndProject
Project("{FAE04EC0-301F-11D3-BF4B-00C04F79EFBC}") = "NullableOperator", "NullableOperator\NullableOperator.csproj", "{1C8BC1D5-F781-4C5A-8105-8F394F2365B2}"
EndProject
Project("{FAE04EC0-301F-11D3-BF4B-00C04F79EFBC}") = "ConverstionCast", "ConverstionCast\ConverstionCast.csproj", "{0B220F1F-644F-4599-A6C5-36287CB0CD6D}"
EndProject
Project("{FAE04EC0-301F-11D3-BF4B-00C04F79EFBC}") = "Arrays", "Arrays\Arrays.csproj", "{79E8CBE4-A901-4E7B-B4FA-0128C87EC87D}"
EndProject
Project("{FAE04EC0-301F-11D3-BF4B-00C04F79EFBC}") = "multiplicationtablesloops", "multiplicationtablesloops\multiplicationtablesloops.csproj", "{3D9DCF9E-244F-4BC9-A069-F438B8CA9B14}"
EndProject
Project("{2150E333-8FDC-42A3-9474-1A3956D46DE8}") = "strings", "strings", "{9EF20B12-AED0-4B02-BD44-F9A77FDCDADB}"
EndProject
Project("{FAE04EC0-301F-11D3-BF4B-00C04F79EFBC}") = "stringmanipulation", "stringmanipulation\stringmanipulation.csproj", "{E2E0CDEE-9F33-4901-8741-B2F06F13102C}"
EndProject
Project("{2150E333-8FDC-42A3-9474-1A3956D46DE8}") = "Methods", "Methods", "{18A1DCEA-FE06-4099-8963-F9A1535F1108}"
EndProject
Project("{FAE04EC0-301F-11D3-BF4B-00C04F79EFBC}") = "MyMethods", "MyMethods\MyMethods.csproj", "{812539DB-88E9-49AF-A42A-7A59F1FD278C}"
EndProject
Project("{FAE04EC0-301F-11D3-BF4B-00C04F79EFBC}") = "OptionalParameters", "OptionalParameters\OptionalParameters.csproj", "{D7078724-0573-4856-8D84-E5839566DFF1}"
EndProject
Project("{2150E333-8FDC-42A3-9474-1A3956D46DE8}") = "OOP", "OOP", "{3445D08D-5BE5-47A1-BBCD-4E503707EF6F}"
EndProject
Project("{FAE04EC0-301F-11D3-BF4B-00C04F79EFBC}") = "Classes", "Classes\Classes.csproj", "{9BB33630-8431-4090-A0A4-682D8B52D6BD}"
EndProject
Project("{FAE04EC0-301F-11D3-BF4B-00C04F79EFBC}") = "Exercises", "Exercises\Exercises.csproj", "{6DC8C5F1-0DDB-4DB1-B07C-68697C69BD67}"
EndProject
Project("{2150E333-8FDC-42A3-9474-1A3956D46DE8}") = "Props", "Props", "{3703E788-6AF8-4187-9438-CD6BA91B6F53}"
EndProject
Project("{FAE04EC0-301F-11D3-BF4B-00C04F79EFBC}") = "Properties", "Properties\Properties.csproj", "{4516EAA5-2342-45DB-9170-3060EA9402A6}"
EndProject
Project("{2150E333-8FDC-42A3-9474-1A3956D46DE8}") = "Inheritance", "Inheritance", "{56C567E5-6ADC-4BBD-877E-14718175274E}"
EndProject
Project("{FAE04EC0-301F-11D3-BF4B-00C04F79EFBC}") = "Herencia", "Herencia\Herencia.csproj", "{12F44C71-339F-45F4-8BC3-F7510CC06CE0}"
EndProject
Project("{2150E333-8FDC-42A3-9474-1A3956D46DE8}") = "Poymorphism", "Poymorphism", "{E1DA1114-7095-4DEE-9DB8-9115491FD5FC}"
EndProject
Project("{FAE04EC0-301F-11D3-BF4B-00C04F79EFBC}") = "Polymorphism_Method_Overiding", "Polymorphism_Method_Overiding\Polymorphism_Method_Overiding.csproj", "{7BAA5E6B-F991-4F57-8175-E0CD759E479F}"
EndProject
Project("{FAE04EC0-301F-11D3-BF4B-00C04F79EFBC}") = "MethodOverloading", "MethodOverloading\MethodOverloading.csproj", "{7C0A682E-51B3-4220-B93E-CE4840BB0DAA}"
EndProject
Project("{2150E333-8FDC-42A3-9474-1A3956D46DE8}") = "C#level2", "C#level2", "{02EA681E-C7D8-13C7-8484-4AC65E1B71E8}"
EndProject
Project("{FAE04EC0-301F-11D3-BF4B-00C04F79EFBC}") = "ConsolePractice", "ConsolePractice\ConsolePractice.csproj", "{04E5F9C2-7599-4468-8F8B-EC3FCFE11825}"
EndProject
Project("{FAE04EC0-301F-11D3-BF4B-00C04F79EFBC}") = "Bankist Calculator", "Bankist Calculator\Bankist Calculator.csproj", "{CDE57E06-2EC9-486F-A7D5-89E2C1EDC019}"
EndProject
Global
	GlobalSection(SolutionConfigurationPlatforms) = preSolution
		Debug|Any CPU = Debug|Any CPU
		Release|Any CPU = Release|Any CPU
	EndGlobalSection
	GlobalSection(ProjectConfigurationPlatforms) = postSolution
		{FF7A3085-BBF4-44A9-8681-B8FFA2458063}.Debug|Any CPU.ActiveCfg = Debug|Any CPU
		{FF7A3085-BBF4-44A9-8681-B8FFA2458063}.Debug|Any CPU.Build.0 = Debug|Any CPU
		{FF7A3085-BBF4-44A9-8681-B8FFA2458063}.Release|Any CPU.ActiveCfg = Release|Any CPU
		{FF7A3085-BBF4-44A9-8681-B8FFA2458063}.Release|Any CPU.Build.0 = Release|Any CPU
		{9D416ACC-0B01-48F7-8B08-49790B1D4D05}.Debug|Any CPU.ActiveCfg = Debug|Any CPU
		{9D416ACC-0B01-48F7-8B08-49790B1D4D05}.Debug|Any CPU.Build.0 = Debug|Any CPU
		{9D416ACC-0B01-48F7-8B08-49790B1D4D05}.Release|Any CPU.ActiveCfg = Release|Any CPU
		{9D416ACC-0B01-48F7-8B08-49790B1D4D05}.Release|Any CPU.Build.0 = Release|Any CPU
		{804EDFB2-91F7-474B-96AE-730617D9C4CB}.Debug|Any CPU.ActiveCfg = Debug|Any CPU
		{804EDFB2-91F7-474B-96AE-730617D9C4CB}.Debug|Any CPU.Build.0 = Debug|Any CPU
		{804EDFB2-91F7-474B-96AE-730617D9C4CB}.Release|Any CPU.ActiveCfg = Release|Any CPU
		{804EDFB2-91F7-474B-96AE-730617D9C4CB}.Release|Any CPU.Build.0 = Release|Any CPU
		{DD7D3946-2C2E-44BE-B245-20E2C881598A}.Debug|Any CPU.ActiveCfg = Debug|Any CPU
		{DD7D3946-2C2E-44BE-B245-20E2C881598A}.Debug|Any CPU.Build.0 = Debug|Any CPU
		{DD7D3946-2C2E-44BE-B245-20E2C881598A}.Release|Any CPU.ActiveCfg = Release|Any CPU
		{DD7D3946-2C2E-44BE-B245-20E2C881598A}.Release|Any CPU.Build.0 = Release|Any CPU
		{3B46C5E2-0783-430A-BC38-4330CF9CE4DA}.Debug|Any CPU.ActiveCfg = Debug|Any CPU
		{3B46C5E2-0783-430A-BC38-4330CF9CE4DA}.Debug|Any CPU.Build.0 = Debug|Any CPU
		{3B46C5E2-0783-430A-BC38-4330CF9CE4DA}.Release|Any CPU.ActiveCfg = Release|Any CPU
		{3B46C5E2-0783-430A-BC38-4330CF9CE4DA}.Release|Any CPU.Build.0 = Release|Any CPU
		{1C8BC1D5-F781-4C5A-8105-8F394F2365B2}.Debug|Any CPU.ActiveCfg = Debug|Any CPU
		{1C8BC1D5-F781-4C5A-8105-8F394F2365B2}.Debug|Any CPU.Build.0 = Debug|Any CPU
		{1C8BC1D5-F781-4C5A-8105-8F394F2365B2}.Release|Any CPU.ActiveCfg = Release|Any CPU
		{1C8BC1D5-F781-4C5A-8105-8F394F2365B2}.Release|Any CPU.Build.0 = Release|Any CPU
		{0B220F1F-644F-4599-A6C5-36287CB0CD6D}.Debug|Any CPU.ActiveCfg = Debug|Any CPU
		{0B220F1F-644F-4599-A6C5-36287CB0CD6D}.Debug|Any CPU.Build.0 = Debug|Any CPU
		{0B220F1F-644F-4599-A6C5-36287CB0CD6D}.Release|Any CPU.ActiveCfg = Release|Any CPU
		{0B220F1F-644F-4599-A6C5-36287CB0CD6D}.Release|Any CPU.Build.0 = Release|Any CPU
		{79E8CBE4-A901-4E7B-B4FA-0128C87EC87D}.Debug|Any CPU.ActiveCfg = Debug|Any CPU
		{79E8CBE4-A901-4E7B-B4FA-0128C87EC87D}.Debug|Any CPU.Build.0 = Debug|Any CPU
		{79E8CBE4-A901-4E7B-B4FA-0128C87EC87D}.Release|Any CPU.ActiveCfg = Release|Any CPU
		{79E8CBE4-A901-4E7B-B4FA-0128C87EC87D}.Release|Any CPU.Build.0 = Release|Any CPU
		{3D9DCF9E-244F-4BC9-A069-F438B8CA9B14}.Debug|Any CPU.ActiveCfg = Debug|Any CPU
		{3D9DCF9E-244F-4BC9-A069-F438B8CA9B14}.Debug|Any CPU.Build.0 = Debug|Any CPU
		{3D9DCF9E-244F-4BC9-A069-F438B8CA9B14}.Release|Any CPU.ActiveCfg = Release|Any CPU
		{3D9DCF9E-244F-4BC9-A069-F438B8CA9B14}.Release|Any CPU.Build.0 = Release|Any CPU
		{E2E0CDEE-9F33-4901-8741-B2F06F13102C}.Debug|Any CPU.ActiveCfg = Debug|Any CPU
		{E2E0CDEE-9F33-4901-8741-B2F06F13102C}.Debug|Any CPU.Build.0 = Debug|Any CPU
		{E2E0CDEE-9F33-4901-8741-B2F06F13102C}.Release|Any CPU.ActiveCfg = Release|Any CPU
		{E2E0CDEE-9F33-4901-8741-B2F06F13102C}.Release|Any CPU.Build.0 = Release|Any CPU
		{812539DB-88E9-49AF-A42A-7A59F1FD278C}.Debug|Any CPU.ActiveCfg = Debug|Any CPU
		{812539DB-88E9-49AF-A42A-7A59F1FD278C}.Debug|Any CPU.Build.0 = Debug|Any CPU
		{812539DB-88E9-49AF-A42A-7A59F1FD278C}.Release|Any CPU.ActiveCfg = Release|Any CPU
		{812539DB-88E9-49AF-A42A-7A59F1FD278C}.Release|Any CPU.Build.0 = Release|Any CPU
		{D7078724-0573-4856-8D84-E5839566DFF1}.Debug|Any CPU.ActiveCfg = Debug|Any CPU
		{D7078724-0573-4856-8D84-E5839566DFF1}.Debug|Any CPU.Build.0 = Debug|Any CPU
		{D7078724-0573-4856-8D84-E5839566DFF1}.Release|Any CPU.ActiveCfg = Release|Any CPU
		{D7078724-0573-4856-8D84-E5839566DFF1}.Release|Any CPU.Build.0 = Release|Any CPU
		{9BB33630-8431-4090-A0A4-682D8B52D6BD}.Debug|Any CPU.ActiveCfg = Debug|Any CPU
		{9BB33630-8431-4090-A0A4-682D8B52D6BD}.Debug|Any CPU.Build.0 = Debug|Any CPU
		{9BB33630-8431-4090-A0A4-682D8B52D6BD}.Release|Any CPU.ActiveCfg = Release|Any CPU
		{9BB33630-8431-4090-A0A4-682D8B52D6BD}.Release|Any CPU.Build.0 = Release|Any CPU
		{6DC8C5F1-0DDB-4DB1-B07C-68697C69BD67}.Debug|Any CPU.ActiveCfg = Debug|Any CPU
		{6DC8C5F1-0DDB-4DB1-B07C-68697C69BD67}.Debug|Any CPU.Build.0 = Debug|Any CPU
		{6DC8C5F1-0DDB-4DB1-B07C-68697C69BD67}.Release|Any CPU.ActiveCfg = Release|Any CPU
		{6DC8C5F1-0DDB-4DB1-B07C-68697C69BD67}.Release|Any CPU.Build.0 = Release|Any CPU
		{4516EAA5-2342-45DB-9170-3060EA9402A6}.Debug|Any CPU.ActiveCfg = Debug|Any CPU
		{4516EAA5-2342-45DB-9170-3060EA9402A6}.Debug|Any CPU.Build.0 = Debug|Any CPU
		{4516EAA5-2342-45DB-9170-3060EA9402A6}.Release|Any CPU.ActiveCfg = Release|Any CPU
		{4516EAA5-2342-45DB-9170-3060EA9402A6}.Release|Any CPU.Build.0 = Release|Any CPU
		{12F44C71-339F-45F4-8BC3-F7510CC06CE0}.Debug|Any CPU.ActiveCfg = Debug|Any CPU
		{12F44C71-339F-45F4-8BC3-F7510CC06CE0}.Debug|Any CPU.Build.0 = Debug|Any CPU
		{12F44C71-339F-45F4-8BC3-F7510CC06CE0}.Release|Any CPU.ActiveCfg = Release|Any CPU
		{12F44C71-339F-45F4-8BC3-F7510CC06CE0}.Release|Any CPU.Build.0 = Release|Any CPU
		{7BAA5E6B-F991-4F57-8175-E0CD759E479F}.Debug|Any CPU.ActiveCfg = Debug|Any CPU
		{7BAA5E6B-F991-4F57-8175-E0CD759E479F}.Debug|Any CPU.Build.0 = Debug|Any CPU
		{7BAA5E6B-F991-4F57-8175-E0CD759E479F}.Release|Any CPU.ActiveCfg = Release|Any CPU
		{7BAA5E6B-F991-4F57-8175-E0CD759E479F}.Release|Any CPU.Build.0 = Release|Any CPU
		{7C0A682E-51B3-4220-B93E-CE4840BB0DAA}.Debug|Any CPU.ActiveCfg = Debug|Any CPU
		{7C0A682E-51B3-4220-B93E-CE4840BB0DAA}.Debug|Any CPU.Build.0 = Debug|Any CPU
		{7C0A682E-51B3-4220-B93E-CE4840BB0DAA}.Release|Any CPU.ActiveCfg = Release|Any CPU
		{7C0A682E-51B3-4220-B93E-CE4840BB0DAA}.Release|Any CPU.Build.0 = Release|Any CPU
		{04E5F9C2-7599-4468-8F8B-EC3FCFE11825}.Debug|Any CPU.ActiveCfg = Debug|Any CPU
		{04E5F9C2-7599-4468-8F8B-EC3FCFE11825}.Debug|Any CPU.Build.0 = Debug|Any CPU
		{04E5F9C2-7599-4468-8F8B-EC3FCFE11825}.Release|Any CPU.ActiveCfg = Release|Any CPU
		{04E5F9C2-7599-4468-8F8B-EC3FCFE11825}.Release|Any CPU.Build.0 = Release|Any CPU
		{CDE57E06-2EC9-486F-A7D5-89E2C1EDC019}.Debug|Any CPU.ActiveCfg = Debug|Any CPU
		{CDE57E06-2EC9-486F-A7D5-89E2C1EDC019}.Debug|Any CPU.Build.0 = Debug|Any CPU
		{CDE57E06-2EC9-486F-A7D5-89E2C1EDC019}.Release|Any CPU.ActiveCfg = Release|Any CPU
		{CDE57E06-2EC9-486F-A7D5-89E2C1EDC019}.Release|Any CPU.Build.0 = Release|Any CPU
	EndGlobalSection
	GlobalSection(SolutionProperties) = preSolution
		HideSolutionNode = FALSE
	EndGlobalSection
	GlobalSection(NestedProjects) = preSolution
		{E2E0CDEE-9F33-4901-8741-B2F06F13102C} = {9EF20B12-AED0-4B02-BD44-F9A77FDCDADB}
		{812539DB-88E9-49AF-A42A-7A59F1FD278C} = {18A1DCEA-FE06-4099-8963-F9A1535F1108}
		{D7078724-0573-4856-8D84-E5839566DFF1} = {18A1DCEA-FE06-4099-8963-F9A1535F1108}
		{9BB33630-8431-4090-A0A4-682D8B52D6BD} = {3445D08D-5BE5-47A1-BBCD-4E503707EF6F}
		{6DC8C5F1-0DDB-4DB1-B07C-68697C69BD67} = {3445D08D-5BE5-47A1-BBCD-4E503707EF6F}
		{4516EAA5-2342-45DB-9170-3060EA9402A6} = {3703E788-6AF8-4187-9438-CD6BA91B6F53}
		{12F44C71-339F-45F4-8BC3-F7510CC06CE0} = {56C567E5-6ADC-4BBD-877E-14718175274E}
		{7BAA5E6B-F991-4F57-8175-E0CD759E479F} = {E1DA1114-7095-4DEE-9DB8-9115491FD5FC}
		{7C0A682E-51B3-4220-B93E-CE4840BB0DAA} = {E1DA1114-7095-4DEE-9DB8-9115491FD5FC}
		{04E5F9C2-7599-4468-8F8B-EC3FCFE11825} = {02EA681E-C7D8-13C7-8484-4AC65E1B71E8}
		{CDE57E06-2EC9-486F-A7D5-89E2C1EDC019} = {02EA681E-C7D8-13C7-8484-4AC65E1B71E8}
	EndGlobalSection
	GlobalSection(ExtensibilityGlobals) = postSolution
		SolutionGuid = {C210D916-3805-47EB-BE7B-2F8C45CD28BA}
	EndGlobalSection
EndGlobal
